// !$*UTF8*$!
{
	archiveVersion = 1;
	classes = {
	};
	objectVersion = 50;
	objects = {

/* Begin PBXBuildFile section */
		342E671223C63C0E00A6863E /* AppDelegate.swift in Sources */ = {isa = PBXBuildFile; fileRef = 342E671123C63C0E00A6863E /* AppDelegate.swift */; };
		342E671423C63C0E00A6863E /* SceneDelegate.swift in Sources */ = {isa = PBXBuildFile; fileRef = 342E671323C63C0E00A6863E /* SceneDelegate.swift */; };
		342E671623C63C0E00A6863E /* ViewController.swift in Sources */ = {isa = PBXBuildFile; fileRef = 342E671523C63C0E00A6863E /* ViewController.swift */; };
		342E671923C63C0E00A6863E /* Main.storyboard in Resources */ = {isa = PBXBuildFile; fileRef = 342E671723C63C0E00A6863E /* Main.storyboard */; };
		342E671B23C63C1000A6863E /* Assets.xcassets in Resources */ = {isa = PBXBuildFile; fileRef = 342E671A23C63C1000A6863E /* Assets.xcassets */; };
		342E671E23C63C1000A6863E /* LaunchScreen.storyboard in Resources */ = {isa = PBXBuildFile; fileRef = 342E671C23C63C1000A6863E /* LaunchScreen.storyboard */; };
/* End PBXBuildFile section */

/* Begin PBXFileReference section */
		342E670E23C63C0E00A6863E /* Sabbir's_Xylophone.app */ = {isa = PBXFileReference; explicitFileType = wrapper.application; includeInIndex = 0; path = "Sabbir's_Xylophone.app"; sourceTree = BUILT_PRODUCTS_DIR; };
		342E671123C63C0E00A6863E /* AppDelegate.swift */ = {isa = PBXFileReference; lastKnownFileType = sourcecode.swift; path = AppDelegate.swift; sourceTree = "<group>"; };
		342E671323C63C0E00A6863E /* SceneDelegate.swift */ = {isa = PBXFileReference; lastKnownFileType = sourcecode.swift; path = SceneDelegate.swift; sourceTree = "<group>"; };
		342E671523C63C0E00A6863E /* ViewController.swift */ = {isa = PBXFileReference; lastKnownFileType = sourcecode.swift; path = ViewController.swift; sourceTree = "<group>"; };
		342E671823C63C0E00A6863E /* Base */ = {isa = PBXFileReference; lastKnownFileType = file.storyboard; name = Base; path = Base.lproj/Main.storyboard; sourceTree = "<group>"; };
		342E671A23C63C1000A6863E /* Assets.xcassets */ = {isa = PBXFileReference; lastKnownFileType = folder.assetcatalog; path = Assets.xcassets; sourceTree = "<group>"; };
		342E671D23C63C1000A6863E /* Base */ = {isa = PBXFileReference; lastKnownFileType = file.storyboard; name = Base; path = Base.lproj/LaunchScreen.storyboard; sourceTree = "<group>"; };
		342E671F23C63C1000A6863E /* Info.plist */ = {isa = PBXFileReference; lastKnownFileType = text.plist.xml; path = Info.plist; sourceTree = "<group>"; };
/* End PBXFileReference section */

/* Begin PBXFrameworksBuildPhase section */
		342E670B23C63C0E00A6863E /* Frameworks */ = {
			isa = PBXFrameworksBuildPhase;
			buildActionMask = 2147483647;
			files = (
			);
			runOnlyForDeploymentPostprocessing = 0;
		};
/* End PBXFrameworksBuildPhase section */

/* Begin PBXGroup section */
		342E670523C63C0E00A6863E = {
			isa = PBXGroup;
			children = (
				342E671023C63C0E00A6863E /* Sabbir's_Xylophone */,
				342E670F23C63C0E00A6863E /* Products */,
			);
			sourceTree = "<group>";
		};
		342E670F23C63C0E00A6863E /* Products */ = {
			isa = PBXGroup;
			children = (
				342E670E23C63C0E00A6863E /* Sabbir's_Xylophone.app */,
			);
			name = Products;
			sourceTree = "<group>";
		};
		342E671023C63C0E00A6863E /* Sabbir's_Xylophone */ = {
			isa = PBXGroup;
			children = (
				342E671123C63C0E00A6863E /* AppDelegate.swift */,
				342E671323C63C0E00A6863E /* SceneDelegate.swift */,
				342E671523C63C0E00A6863E /* ViewController.swift */,
				342E671723C63C0E00A6863E /* Main.storyboard */,
				342E671A23C63C1000A6863E /* Assets.xcassets */,
				342E671C23C63C1000A6863E /* LaunchScreen.storyboard */,
				342E671F23C63C1000A6863E /* Info.plist */,
			);
			path = "Sabbir's_Xylophone";
			sourceTree = "<group>";
		};
/* End PBXGroup section */

/* Begin PBXNativeTarget section */
		342E670D23C63C0E00A6863E /* Sabbir's_Xylophone */ = {
			isa = PBXNativeTarget;
			buildConfigurationList = 342E672223C63C1000A6863E /* Build configuration list for PBXNativeTarget "Sabbir's_Xylophone" */;
			buildPhases = (
				342E670A23C63C0E00A6863E /* Sources */,
				342E670B23C63C0E00A6863E /* Frameworks */,
				342E670C23C63C0E00A6863E /* Resources */,
			);
			buildRules = (
			);
			dependencies = (
			);
			name = "Sabbir's_Xylophone";
			productName = "Sabbir's_Xylophone";
			productReference = 342E670E23C63C0E00A6863E /* Sabbir's_Xylophone.app */;
			productType = "com.apple.product-type.application";
		};
/* End PBXNativeTarget section */

/* Begin PBXProject section */
		342E670623C63C0E00A6863E /* Project object */ = {
			isa = PBXProject;
			attributes = {
				LastSwiftUpdateCheck = 1130;
				LastUpgradeCheck = 1130;
				ORGANIZATIONNAME = "Sabbir Ahmed";
				TargetAttributes = {
					342E670D23C63C0E00A6863E = {
						CreatedOnToolsVersion = 11.3;
					};
				};
			};
			buildConfigurationList = 342E670923C63C0E00A6863E /* Build configuration list for PBXProject "Sabbir's_Xylophone" */;
			compatibilityVersion = "Xcode 9.3";
			developmentRegion = en;
			hasScannedForEncodings = 0;
			knownRegions = (
				en,
				Base,
			);
			mainGroup = 342E670523C63C0E00A6863E;
			productRefGroup = 342E670F23C63C0E00A6863E /* Products */;
			projectDirPath = "";
			projectRoot = "";
			targets = (
				342E670D23C63C0E00A6863E /* Sabbir's_Xylophone */,
			);
		};
/* End PBXProject section */

/* Begin PBXResourcesBuildPhase section */
		342E670C23C63C0E00A6863E /* Resources */ = {
			isa = PBXResourcesBuildPhase;
			buildActionMask = 2147483647;
			files = (
				342E671E23C63C1000A6863E /* LaunchScreen.storyboard in Resources */,
				342E671B23C63C1000A6863E /* Assets.xcassets in Resources */,
				342E671923C63C0E00A6863E /* Main.storyboard in Resources */,
			);
			runOnlyForDeploymentPostprocessing = 0;
		};
/* End PBXResourcesBuildPhase section */

/* Begin PBXSourcesBuildPhase section */
		342E670A23C63C0E00A6863E /* Sources */ = {
			isa = PBXSourcesBuildPhase;
			buildActionMask = 2147483647;
			files = (
				342E671623C63C0E00A6863E /* ViewController.swift in Sources */,
				342E671223C63C0E00A6863E /* AppDelegate.swift in Sources */,
				342E671423C63C0E00A6863E /* SceneDelegate.swift in Sources */,
			);
			runOnlyForDeploymentPostprocessing = 0;
		};
/* End PBXSourcesBuildPhase section */

/* Begin PBXVariantGroup section */
		342E671723C63C0E00A6863E /* Main.storyboard */ = {
			isa = PBXVariantGroup;
			children = (
				342E671823C63C0E00A6863E /* Base */,
			);
			name = Main.storyboard;
			sourceTree = "<group>";
		};
		342E671C23C63C1000A6863E /* LaunchScreen.storyboard */ = {
			isa = PBXVariantGroup;
			children = (
				342E671D23C63C1000A6863E /* Base */,
			);
			name = LaunchScreen.storyboard;
			sourceTree = "<group>";
		};
/* End PBXVariantGroup section */

/* Begin XCBuildConfiguration section */
		342E672023C63C1000A6863E /* Debug */ = {
			isa = XCBuildConfiguration;
			buildSettings = {
				ALWAYS_SEARCH_USER_PATHS = NO;
				CLANG_ANALYZER_NONNULL = YES;
				CLANG_ANALYZER_NUMBER_OBJECT_CONVERSION = YES_AGGRESSIVE;
				CLANG_CXX_LANGUAGE_STANDARD = "gnu++14";
				CLANG_CXX_LIBRARY = "libc++";
				CLANG_ENABLE_MODULES = YES;
				CLANG_ENABLE_OBJC_ARC = YES;
				CLANG_ENABLE_OBJC_WEAK = YES;
				CLANG_WARN_BLOCK_CAPTURE_AUTORELEASING = YES;
				CLANG_WARN_BOOL_CONVERSION = YES;
				CLANG_WARN_COMMA = YES;
				CLANG_WARN_CONSTANT_CONVERSION = YES;
				CLANG_WARN_DEPRECATED_OBJC_IMPLEMENTATIONS = YES;
				CLANG_WARN_DIRECT_OBJC_ISA_USAGE = YES_ERROR;
				CLANG_WARN_DOCUMENTATION_COMMENTS = YES;
				CLANG_WARN_EMPTY_BODY = YES;
				CLANG_WARN_ENUM_CONVERSION = YES;
				CLANG_WARN_INFINITE_RECURSION = YES;
				CLANG_WARN_INT_CONVERSION = YES;
				CLANG_WARN_NON_LITERAL_NULL_CONVERSION = YES;
				CLANG_WARN_OBJC_IMPLICIT_RETAIN_SELF = YES;
				CLANG_WARN_OBJC_LITERAL_CONVERSION = YES;
				CLANG_WARN_OBJC_ROOT_CLASS = YES_ERROR;
				CLANG_WARN_RANGE_LOOP_ANALYSIS = YES;
				CLANG_WARN_STRICT_PROTOTYPES = YES;
				CLANG_WARN_SUSPICIOUS_MOVE = YES;
				CLANG_WARN_UNGUARDED_AVAILABILITY = YES_AGGRESSIVE;
				CLANG_WARN_UNREACHABLE_CODE = YES;
				CLANG_WARN__DUPLICATE_METHOD_MATCH = YES;
				COPY_PHASE_STRIP = NO;
				DEBUG_INFORMATION_FORMAT = dwarf;
				ENABLE_STRICT_OBJC_MSGSEND = YES;
				ENABLE_TESTABILITY = YES;
				GCC_C_LANGUAGE_STANDARD = gnu11;
				GCC_DYNAMIC_NO_PIC = NO;
				GCC_NO_COMMON_BLOCKS = YES;
				GCC_OPTIMIZATION_LEVEL = 0;
				GCC_PREPROCESSOR_DEFINITIONS = (
					"DEBUG=1",
					"$(inherited)",
				);
				GCC_WARN_64_TO_32_BIT_CONVERSION = YES;
				GCC_WARN_ABOUT_RETURN_TYPE = YES_ERROR;
				GCC_WARN_UNDECLARED_SELECTOR = YES;
				GCC_WARN_UNINITIALIZED_AUTOS = YES_AGGRESSIVE;
				GCC_WARN_UNUSED_FUNCTION = YES;
				GCC_WARN_UNUSED_VARIABLE = YES;
				IPHONEOS_DEPLOYMENT_TARGET = 13.2;
				MTL_ENABLE_DEBUG_INFO = INCLUDE_SOURCE;
				MTL_FAST_MATH = YES;
				ONLY_ACTIVE_ARCH = YES;
				SDKROOT = iphoneos;
				SWIFT_ACTIVE_COMPILATION_CONDITIONS = DEBUG;
				SWIFT_OPTIMIZATION_LEVEL = "-Onone";
			};
			name = Debug;
		};
		342E672123C63C1000A6863E /* Release */ = {
			isa = XCBuildConfiguration;
			buildSettings = {
				ALWAYS_SEARCH_USER_PATHS = NO;
				CLANG_ANALYZER_NONNULL = YES;
				CLANG_ANALYZER_NUMBER_OBJECT_CONVERSION = YES_AGGRESSIVE;
				CLANG_CXX_LANGUAGE_STANDARD = "gnu++14";
				CLANG_CXX_LIBRARY = "libc++";
				CLANG_ENABLE_MODULES = YES;
				CLANG_ENABLE_OBJC_ARC = YES;
				CLANG_ENABLE_OBJC_WEAK = YES;
				CLANG_WARN_BLOCK_CAPTURE_AUTORELEASING = YES;
				CLANG_WARN_BOOL_CONVERSION = YES;
				CLANG_WARN_COMMA = YES;
				CLANG_WARN_CONSTANT_CONVERSION = YES;
				CLANG_WARN_DEPRECATED_OBJC_IMPLEMENTATIONS = YES;
				CLANG_WARN_DIRECT_OBJC_ISA_USAGE = YES_ERROR;
				CLANG_WARN_DOCUMENTATION_COMMENTS = YES;
				CLANG_WARN_EMPTY_BODY = YES;
				CLANG_WARN_ENUM_CONVERSION = YES;
				CLANG_WARN_INFINITE_RECURSION = YES;
				CLANG_WARN_INT_CONVERSION = YES;
				CLANG_WARN_NON_LITERAL_NULL_CONVERSION = YES;
				CLANG_WARN_OBJC_IMPLICIT_RETAIN_SELF = YES;
				CLANG_WARN_OBJC_LITERAL_CONVERSION = YES;
				CLANG_WARN_OBJC_ROOT_CLASS = YES_ERROR;
				CLANG_WARN_RANGE_LOOP_ANALYSIS = YES;
				CLANG_WARN_STRICT_PROTOTYPES = YES;
				CLANG_WARN_SUSPICIOUS_MOVE = YES;
				CLANG_WARN_UNGUARDED_AVAILABILITY = YES_AGGRESSIVE;
				CLANG_WARN_UNREACHABLE_CODE = YES;
				CLANG_WARN__DUPLICATE_METHOD_MATCH = YES;
				COPY_PHASE_STRIP = NO;
				DEBUG_INFORMATION_FORMAT = "dwarf-with-dsym";
				ENABLE_NS_ASSERTIONS = NO;
				ENABLE_STRICT_OBJC_MSGSEND = YES;
				GCC_C_LANGUAGE_STANDARD = gnu11;
				GCC_NO_COMMON_BLOCKS = YES;
				GCC_WARN_64_TO_32_BIT_CONVERSION = YES;
				GCC_WARN_ABOUT_RETURN_TYPE = YES_ERROR;
				GCC_WARN_UNDECLARED_SELECTOR = YES;
				GCC_WARN_UNINITIALIZED_AUTOS = YES_AGGRESSIVE;
				GCC_WARN_UNUSED_FUNCTION = YES;
				GCC_WARN_UNUSED_VARIABLE = YES;
				IPHONEOS_DEPLOYMENT_TARGET = 13.2;
				MTL_ENABLE_DEBUG_INFO = NO;
				MTL_FAST_MATH = YES;
				SDKROOT = iphoneos;
				SWIFT_COMPILATION_MODE = wholemodule;
				SWIFT_OPTIMIZATION_LEVEL = "-O";
				VALIDATE_PRODUCT = YES;
			};
			name = Release;
		};
		342E672323C63C1000A6863E /* Debug */ = {
			isa = XCBuildConfiguration;
			buildSettings = {
				ASSETCATALOG_COMPILER_APPICON_NAME = AppIcon;
				CODE_SIGN_STYLE = Automatic;
				DEVELOPMENT_TEAM = 6LQ5D4D58P;
				INFOPLIST_FILE = "Sabbir's_Xylophone/Info.plist";
				LD_RUNPATH_SEARCH_PATHS = (
					"$(inherited)",
					"@executable_path/Frameworks",
				);
				PRODUCT_BUNDLE_IDENTIFIER = "con.sabbirnagor.Sabbir-s-Xylophone";
				PRODUCT_NAME = "$(TARGET_NAME)";
				SWIFT_VERSION = 5.0;
				TARGETED_DEVICE_FAMILY = "1,2";
			};
			name = Debug;
		};
		342E672423C63C1000A6863E /* Release */ = {
			isa = XCBuildConfiguration;
			buildSettings = {
				ASSETCATALOG_COMPILER_APPICON_NAME = AppIcon;
				CODE_SIGN_STYLE = Automatic;
				DEVELOPMENT_TEAM = 6LQ5D4D58P;
				INFOPLIST_FILE = "Sabbir's_Xylophone/Info.plist";
				LD_RUNPATH_SEARCH_PATHS = (
					"$(inherited)",
					"@executable_path/Frameworks",
				);
				PRODUCT_BUNDLE_IDENTIFIER = "con.sabbirnagor.Sabbir-s-Xylophone";
				PRODUCT_NAME = "$(TARGET_NAME)";
				SWIFT_VERSION = 5.0;
				TARGETED_DEVICE_FAMILY = "1,2";
			};
			name = Release;
		};
/* End XCBuildConfiguration section */

/* Begin XCConfigurationList section */
		342E670923C63C0E00A6863E /* Build configuration list for PBXProject "Sabbir's_Xylophone" */ = {
			isa = XCConfigurationList;
			buildConfigurations = (
				342E672023C63C1000A6863E /* Debug */,
				342E672123C63C1000A6863E /* Release */,
			);
			defaultConfigurationIsVisible = 0;
			defaultConfigurationName = Release;
		};
		342E672223C63C1000A6863E /* Build configuration list for PBXNativeTarget "Sabbir's_Xylophone" */ = {
			isa = XCConfigurationList;
			buildConfigurations = (
				342E672323C63C1000A6863E /* Debug */,
				342E672423C63C1000A6863E /* Release */,
			);
			defaultConfigurationIsVisible = 0;
			defaultConfigurationName = Release;
		};
/* End XCConfigurationList section */
	};
	rootObject = 342E670623C63C0E00A6863E /* Project object */;
}
